Microsoft Visual Studio Solution File, Format Version 12.00
# Visual Studio Version 17
VisualStudioVersion = 17.7.34024.191
MinimumVisualStudioVersion = 10.0.40219.1
Project("{FAE04EC0-301F-11D3-BF4B-00C04F79EFBC}") = "Library", "Library\Library.csproj", "{5033E571-5E19-48C1-AD4A-B1D15B8ECF36}"
EndProject
Project("{FAE04EC0-301F-11D3-BF4B-00C04F79EFBC}") = "Benchmark", "Benchmark\Benchmark.csproj", "{68608DEC-7227-46C3-B069-8F1CBCDAB0F5}"
EndProject
Project("{FAE04EC0-301F-11D3-BF4B-00C04F79EFBC}") = "Sample", "Sample\Sample.csproj", "{FCBC1100-6BF1-4DDC-A99C-1704079B7A88}"
EndProject
Global
	GlobalSection(SolutionConfigurationPlatforms) = preSolution
		Debug|Any CPU = Debug|Any CPU
		Debug|x64 = Debug|x64
		Release|Any CPU = Release|Any CPU
		Release|x64 = Release|x64
	EndGlobalSection
	GlobalSection(ProjectConfigurationPlatforms) = postSolution
		{5033E571-5E19-48C1-AD4A-B1D15B8ECF36}.Debug|Any CPU.ActiveCfg = Debug|Any CPU
		{5033E571-5E19-48C1-AD4A-B1D15B8ECF36}.Debug|Any CPU.Build.0 = Debug|Any CPU
		{5033E571-5E19-48C1-AD4A-B1D15B8ECF36}.Debug|x64.ActiveCfg = Debug|x64
		{5033E571-5E19-48C1-AD4A-B1D15B8ECF36}.Debug|x64.Build.0 = Debug|x64
		{5033E571-5E19-48C1-AD4A-B1D15B8ECF36}.Release|Any CPU.ActiveCfg = Release|Any CPU
		{5033E571-5E19-48C1-AD4A-B1D15B8ECF36}.Release|Any CPU.Build.0 = Release|Any CPU
		{5033E571-5E19-48C1-AD4A-B1D15B8ECF36}.Release|x64.ActiveCfg = Release|x64
		{5033E571-5E19-48C1-AD4A-B1D15B8ECF36}.Release|x64.Build.0 = Release|x64
		{68608DEC-7227-46C3-B069-8F1CBCDAB0F5}.Debug|Any CPU.ActiveCfg = Debug|Any CPU
		{68608DEC-7227-46C3-B069-8F1CBCDAB0F5}.Debug|Any CPU.Build.0 = Debug|Any CPU
		{68608DEC-7227-46C3-B069-8F1CBCDAB0F5}.Debug|x64.ActiveCfg = Debug|x64
		{68608DEC-7227-46C3-B069-8F1CBCDAB0F5}.Debug|x64.Build.0 = Debug|x64
		{68608DEC-7227-46C3-B069-8F1CBCDAB0F5}.Release|Any CPU.ActiveCfg = Release|Any CPU
		{68608DEC-7227-46C3-B069-8F1CBCDAB0F5}.Release|Any CPU.Build.0 = Release|Any CPU
		{68608DEC-7227-46C3-B069-8F1CBCDAB0F5}.Release|x64.ActiveCfg = Release|x64
		{68608DEC-7227-46C3-B069-8F1CBCDAB0F5}.Release|x64.Build.0 = Release|x64
		{FCBC1100-6BF1-4DDC-A99C-1704079B7A88}.Debug|Any CPU.ActiveCfg = Debug|Any CPU
		{FCBC1100-6BF1-4DDC-A99C-1704079B7A88}.Debug|Any CPU.Build.0 = Debug|Any CPU
		{FCBC1100-6BF1-4DDC-A99C-1704079B7A88}.Debug|x64.ActiveCfg = Debug|x64
		{FCBC1100-6BF1-4DDC-A99C-1704079B7A88}.Debug|x64.Build.0 = Debug|x64
		{FCBC1100-6BF1-4DDC-A99C-1704079B7A88}.Release|Any CPU.ActiveCfg = Release|Any CPU
		{FCBC1100-6BF1-4DDC-A99C-1704079B7A88}.Release|Any CPU.Build.0 = Release|Any CPU
		{FCBC1100-6BF1-4DDC-A99C-1704079B7A88}.Release|x64.ActiveCfg = Release|x64
		{FCBC1100-6BF1-4DDC-A99C-1704079B7A88}.Release|x64.Build.0 = Release|x64
	EndGlobalSection
	GlobalSection(SolutionProperties) = preSolution
		HideSolutionNode = FALSE
	EndGlobalSection
	GlobalSection(MonoDevelopProperties) = preSolution
		StartupItem = Sample\Sample.csproj
		Policies = $0
		$0.DotNetNamingPolicy = $1
		$1.DirectoryNamespaceAssociation = None
		$1.ResourceNamePolicy = FileFormatDefault
		description = Embree.NET wrapper for the Embree ray tracing library (sample included).
	EndGlobalSection
EndGlobal
